
Microsoft Visual Studio Solution File, Format Version 12.00
# Visual Studio 15
VisualStudioVersion = 15.0.27004.2006
MinimumVisualStudioVersion = 10.0.40219.1
Project("{FAE04EC0-301F-11D3-BF4B-00C04F79EFBC}") = "VVCar", "VVCar\VVCar.csproj", "{47ADD088-9691-428B-A11E-B2CB86AB1C41}"
EndProject
Project("{2150E333-8FDC-42A3-9474-1A3956D46DE8}") = "Framework", "Framework", "{0BE1CFCE-30ED-49E1-A277-F1D33A438F5C}"
EndProject
Project("{FAE04EC0-301F-11D3-BF4B-00C04F79EFBC}") = "YEF.Core", "YEF.Core\YEF.Core.csproj", "{3897EA87-56FF-459D-A321-9821C6269617}"
EndProject
Project("{FAE04EC0-301F-11D3-BF4B-00C04F79EFBC}") = "YEF.Data", "YEF.Data\YEF.Data.csproj", "{34CEEB57-6237-4154-AE0A-6EC82C4F2B8F}"
EndProject
Project("{FAE04EC0-301F-11D3-BF4B-00C04F79EFBC}") = "YEF.Utility", "YEF.Utility\YEF.Utility.csproj", "{6BE6CA85-CBE2-4817-AE3F-D7F24A329B2D}"
EndProject
Project("{2150E333-8FDC-42A3-9474-1A3956D46DE8}") = "Solution Items", "Solution Items", "{399F6F35-E33C-474A-AC4B-CED98C1F4463}"
	ProjectSection(SolutionItems) = preProject
		Solution Items\CommonAssemblyInfo.cs = Solution Items\CommonAssemblyInfo.cs
	EndProjectSection
EndProject
Project("{2150E333-8FDC-42A3-9474-1A3956D46DE8}") = "BaseData", "BaseData", "{5C729F91-002B-4E20-A039-F83E68D6D42B}"
EndProject
Project("{FAE04EC0-301F-11D3-BF4B-00C04F79EFBC}") = "VVCar.BaseData.Data", "VVCar.BaseData.Data\VVCar.BaseData.Data.csproj", "{EA910781-2B6E-4E55-9E12-6CC0AF2F517F}"
EndProject
Project("{FAE04EC0-301F-11D3-BF4B-00C04F79EFBC}") = "VVCar.BaseData.Domain", "VVCar.BaseData.Domain\VVCar.BaseData.Domain.csproj", "{2575EDA0-B3BA-473A-8CEB-455404BCDF06}"
EndProject
Project("{FAE04EC0-301F-11D3-BF4B-00C04F79EFBC}") = "VVCar.BaseData.Services", "VVCar.BaseData.Services\VVCar.BaseData.Services.csproj", "{153375CB-27FC-4A3D-97D2-5DED37821ABB}"
EndProject
Project("{2150E333-8FDC-42A3-9474-1A3956D46DE8}") = "Shop", "Shop", "{42AC17B4-DA31-4739-A079-3891DC04BB1A}"
EndProject
Project("{FAE04EC0-301F-11D3-BF4B-00C04F79EFBC}") = "VVCar.Shop.Data", "VVCar.Shop.Data\VVCar.Shop.Data.csproj", "{F020186E-AB4B-4CA5-B7BC-BEB44B2A7929}"
EndProject
Project("{FAE04EC0-301F-11D3-BF4B-00C04F79EFBC}") = "VVCar.Shop.Domain", "VVCar.Shop.Domain\VVCar.Shop.Domain.csproj", "{3F12D42F-EFD2-4743-B79A-F8599D1E98F0}"
EndProject
Project("{FAE04EC0-301F-11D3-BF4B-00C04F79EFBC}") = "VVCar.Shop.Services", "VVCar.Shop.Services\VVCar.Shop.Services.csproj", "{143934B9-5D8F-4B3D-B0C3-8DD42A783E50}"
EndProject
Project("{2150E333-8FDC-42A3-9474-1A3956D46DE8}") = "VIP", "VIP", "{952CB701-11BA-4D8D-B09E-727359B075BA}"
EndProject
Project("{FAE04EC0-301F-11D3-BF4B-00C04F79EFBC}") = "VVCar.VIP.Data", "VVCar.VIP.Data\VVCar.VIP.Data.csproj", "{85A9BF37-D694-4D9F-AB6C-4C9C12A2BB46}"
EndProject
Project("{FAE04EC0-301F-11D3-BF4B-00C04F79EFBC}") = "VVCar.VIP.Domain", "VVCar.VIP.Domain\VVCar.VIP.Domain.csproj", "{5E2B30A6-BD56-4E3F-9626-2F717340A7CC}"
EndProject
Project("{FAE04EC0-301F-11D3-BF4B-00C04F79EFBC}") = "VVCar.VIP.Services", "VVCar.VIP.Services\VVCar.VIP.Services.csproj", "{02E421ED-F25B-4A0A-9B4A-763C9A729137}"
EndProject
Global
	GlobalSection(SolutionConfigurationPlatforms) = preSolution
		Debug|Any CPU = Debug|Any CPU
		Debug|x64 = Debug|x64
		Debug|x86 = Debug|x86
		Release|Any CPU = Release|Any CPU
		Release|x64 = Release|x64
		Release|x86 = Release|x86
	EndGlobalSection
	GlobalSection(ProjectConfigurationPlatforms) = postSolution
		{47ADD088-9691-428B-A11E-B2CB86AB1C41}.Debug|Any CPU.ActiveCfg = Debug|Any CPU
		{47ADD088-9691-428B-A11E-B2CB86AB1C41}.Debug|Any CPU.Build.0 = Debug|Any CPU
		{47ADD088-9691-428B-A11E-B2CB86AB1C41}.Debug|x64.ActiveCfg = Debug|Any CPU
		{47ADD088-9691-428B-A11E-B2CB86AB1C41}.Debug|x64.Build.0 = Debug|Any CPU
		{47ADD088-9691-428B-A11E-B2CB86AB1C41}.Debug|x86.ActiveCfg = Debug|Any CPU
		{47ADD088-9691-428B-A11E-B2CB86AB1C41}.Debug|x86.Build.0 = Debug|Any CPU
		{47ADD088-9691-428B-A11E-B2CB86AB1C41}.Release|Any CPU.ActiveCfg = Release|Any CPU
		{47ADD088-9691-428B-A11E-B2CB86AB1C41}.Release|Any CPU.Build.0 = Release|Any CPU
		{47ADD088-9691-428B-A11E-B2CB86AB1C41}.Release|x64.ActiveCfg = Release|Any CPU
		{47ADD088-9691-428B-A11E-B2CB86AB1C41}.Release|x64.Build.0 = Release|Any CPU
		{47ADD088-9691-428B-A11E-B2CB86AB1C41}.Release|x86.ActiveCfg = Release|Any CPU
		{47ADD088-9691-428B-A11E-B2CB86AB1C41}.Release|x86.Build.0 = Release|Any CPU
		{3897EA87-56FF-459D-A321-9821C6269617}.Debug|Any CPU.ActiveCfg = Debug|Any CPU
		{3897EA87-56FF-459D-A321-9821C6269617}.Debug|Any CPU.Build.0 = Debug|Any CPU
		{3897EA87-56FF-459D-A321-9821C6269617}.Debug|x64.ActiveCfg = Debug|x64
		{3897EA87-56FF-459D-A321-9821C6269617}.Debug|x64.Build.0 = Debug|x64
		{3897EA87-56FF-459D-A321-9821C6269617}.Debug|x86.ActiveCfg = Debug|x86
		{3897EA87-56FF-459D-A321-9821C6269617}.Debug|x86.Build.0 = Debug|x86
		{3897EA87-56FF-459D-A321-9821C6269617}.Release|Any CPU.ActiveCfg = Release|Any CPU
		{3897EA87-56FF-459D-A321-9821C6269617}.Release|Any CPU.Build.0 = Release|Any CPU
		{3897EA87-56FF-459D-A321-9821C6269617}.Release|x64.ActiveCfg = Release|x64
		{3897EA87-56FF-459D-A321-9821C6269617}.Release|x64.Build.0 = Release|x64
		{3897EA87-56FF-459D-A321-9821C6269617}.Release|x86.ActiveCfg = Release|x86
		{3897EA87-56FF-459D-A321-9821C6269617}.Release|x86.Build.0 = Release|x86
		{34CEEB57-6237-4154-AE0A-6EC82C4F2B8F}.Debug|Any CPU.ActiveCfg = Debug|Any CPU
		{34CEEB57-6237-4154-AE0A-6EC82C4F2B8F}.Debug|Any CPU.Build.0 = Debug|Any CPU
		{34CEEB57-6237-4154-AE0A-6EC82C4F2B8F}.Debug|x64.ActiveCfg = Debug|x64
		{34CEEB57-6237-4154-AE0A-6EC82C4F2B8F}.Debug|x64.Build.0 = Debug|x64
		{34CEEB57-6237-4154-AE0A-6EC82C4F2B8F}.Debug|x86.ActiveCfg = Debug|x86
		{34CEEB57-6237-4154-AE0A-6EC82C4F2B8F}.Debug|x86.Build.0 = Debug|x86
		{34CEEB57-6237-4154-AE0A-6EC82C4F2B8F}.Release|Any CPU.ActiveCfg = Release|Any CPU
		{34CEEB57-6237-4154-AE0A-6EC82C4F2B8F}.Release|Any CPU.Build.0 = Release|Any CPU
		{34CEEB57-6237-4154-AE0A-6EC82C4F2B8F}.Release|x64.ActiveCfg = Release|x64
		{34CEEB57-6237-4154-AE0A-6EC82C4F2B8F}.Release|x64.Build.0 = Release|x64
		{34CEEB57-6237-4154-AE0A-6EC82C4F2B8F}.Release|x86.ActiveCfg = Release|x86
		{34CEEB57-6237-4154-AE0A-6EC82C4F2B8F}.Release|x86.Build.0 = Release|x86
		{6BE6CA85-CBE2-4817-AE3F-D7F24A329B2D}.Debug|Any CPU.ActiveCfg = Debug|Any CPU
		{6BE6CA85-CBE2-4817-AE3F-D7F24A329B2D}.Debug|Any CPU.Build.0 = Debug|Any CPU
		{6BE6CA85-CBE2-4817-AE3F-D7F24A329B2D}.Debug|x64.ActiveCfg = Debug|x64
		{6BE6CA85-CBE2-4817-AE3F-D7F24A329B2D}.Debug|x64.Build.0 = Debug|x64
		{6BE6CA85-CBE2-4817-AE3F-D7F24A329B2D}.Debug|x86.ActiveCfg = Debug|x86
		{6BE6CA85-CBE2-4817-AE3F-D7F24A329B2D}.Debug|x86.Build.0 = Debug|x86
		{6BE6CA85-CBE2-4817-AE3F-D7F24A329B2D}.Release|Any CPU.ActiveCfg = Release|Any CPU
		{6BE6CA85-CBE2-4817-AE3F-D7F24A329B2D}.Release|Any CPU.Build.0 = Release|Any CPU
		{6BE6CA85-CBE2-4817-AE3F-D7F24A329B2D}.Release|x64.ActiveCfg = Release|x64
		{6BE6CA85-CBE2-4817-AE3F-D7F24A329B2D}.Release|x64.Build.0 = Release|x64
		{6BE6CA85-CBE2-4817-AE3F-D7F24A329B2D}.Release|x86.ActiveCfg = Release|x86
		{6BE6CA85-CBE2-4817-AE3F-D7F24A329B2D}.Release|x86.Build.0 = Release|x86
		{EA910781-2B6E-4E55-9E12-6CC0AF2F517F}.Debug|Any CPU.ActiveCfg = Debug|Any CPU
		{EA910781-2B6E-4E55-9E12-6CC0AF2F517F}.Debug|Any CPU.Build.0 = Debug|Any CPU
		{EA910781-2B6E-4E55-9E12-6CC0AF2F517F}.Debug|x64.ActiveCfg = Debug|Any CPU
		{EA910781-2B6E-4E55-9E12-6CC0AF2F517F}.Debug|x64.Build.0 = Debug|Any CPU
		{EA910781-2B6E-4E55-9E12-6CC0AF2F517F}.Debug|x86.ActiveCfg = Debug|Any CPU
		{EA910781-2B6E-4E55-9E12-6CC0AF2F517F}.Debug|x86.Build.0 = Debug|Any CPU
		{EA910781-2B6E-4E55-9E12-6CC0AF2F517F}.Release|Any CPU.ActiveCfg = Release|Any CPU
		{EA910781-2B6E-4E55-9E12-6CC0AF2F517F}.Release|Any CPU.Build.0 = Release|Any CPU
		{EA910781-2B6E-4E55-9E12-6CC0AF2F517F}.Release|x64.ActiveCfg = Release|Any CPU
		{EA910781-2B6E-4E55-9E12-6CC0AF2F517F}.Release|x64.Build.0 = Release|Any CPU
		{EA910781-2B6E-4E55-9E12-6CC0AF2F517F}.Release|x86.ActiveCfg = Release|Any CPU
		{EA910781-2B6E-4E55-9E12-6CC0AF2F517F}.Release|x86.Build.0 = Release|Any CPU
		{2575EDA0-B3BA-473A-8CEB-455404BCDF06}.Debug|Any CPU.ActiveCfg = Debug|Any CPU
		{2575EDA0-B3BA-473A-8CEB-455404BCDF06}.Debug|Any CPU.Build.0 = Debug|Any CPU
		{2575EDA0-B3BA-473A-8CEB-455404BCDF06}.Debug|x64.ActiveCfg = Debug|Any CPU
		{2575EDA0-B3BA-473A-8CEB-455404BCDF06}.Debug|x64.Build.0 = Debug|Any CPU
		{2575EDA0-B3BA-473A-8CEB-455404BCDF06}.Debug|x86.ActiveCfg = Debug|Any CPU
		{2575EDA0-B3BA-473A-8CEB-455404BCDF06}.Debug|x86.Build.0 = Debug|Any CPU
		{2575EDA0-B3BA-473A-8CEB-455404BCDF06}.Release|Any CPU.ActiveCfg = Release|Any CPU
		{2575EDA0-B3BA-473A-8CEB-455404BCDF06}.Release|Any CPU.Build.0 = Release|Any CPU
		{2575EDA0-B3BA-473A-8CEB-455404BCDF06}.Release|x64.ActiveCfg = Release|Any CPU
		{2575EDA0-B3BA-473A-8CEB-455404BCDF06}.Release|x64.Build.0 = Release|Any CPU
		{2575EDA0-B3BA-473A-8CEB-455404BCDF06}.Release|x86.ActiveCfg = Release|Any CPU
		{2575EDA0-B3BA-473A-8CEB-455404BCDF06}.Release|x86.Build.0 = Release|Any CPU
		{153375CB-27FC-4A3D-97D2-5DED37821ABB}.Debug|Any CPU.ActiveCfg = Debug|Any CPU
		{153375CB-27FC-4A3D-97D2-5DED37821ABB}.Debug|Any CPU.Build.0 = Debug|Any CPU
		{153375CB-27FC-4A3D-97D2-5DED37821ABB}.Debug|x64.ActiveCfg = Debug|Any CPU
		{153375CB-27FC-4A3D-97D2-5DED37821ABB}.Debug|x64.Build.0 = Debug|Any CPU
		{153375CB-27FC-4A3D-97D2-5DED37821ABB}.Debug|x86.ActiveCfg = Debug|Any CPU
		{153375CB-27FC-4A3D-97D2-5DED37821ABB}.Debug|x86.Build.0 = Debug|Any CPU
		{153375CB-27FC-4A3D-97D2-5DED37821ABB}.Release|Any CPU.ActiveCfg = Release|Any CPU
		{153375CB-27FC-4A3D-97D2-5DED37821ABB}.Release|Any CPU.Build.0 = Release|Any CPU
		{153375CB-27FC-4A3D-97D2-5DED37821ABB}.Release|x64.ActiveCfg = Release|Any CPU
		{153375CB-27FC-4A3D-97D2-5DED37821ABB}.Release|x64.Build.0 = Release|Any CPU
		{153375CB-27FC-4A3D-97D2-5DED37821ABB}.Release|x86.ActiveCfg = Release|Any CPU
		{153375CB-27FC-4A3D-97D2-5DED37821ABB}.Release|x86.Build.0 = Release|Any CPU
		{F020186E-AB4B-4CA5-B7BC-BEB44B2A7929}.Debug|Any CPU.ActiveCfg = Debug|Any CPU
		{F020186E-AB4B-4CA5-B7BC-BEB44B2A7929}.Debug|Any CPU.Build.0 = Debug|Any CPU
		{F020186E-AB4B-4CA5-B7BC-BEB44B2A7929}.Debug|x64.ActiveCfg = Debug|Any CPU
		{F020186E-AB4B-4CA5-B7BC-BEB44B2A7929}.Debug|x64.Build.0 = Debug|Any CPU
		{F020186E-AB4B-4CA5-B7BC-BEB44B2A7929}.Debug|x86.ActiveCfg = Debug|Any CPU
		{F020186E-AB4B-4CA5-B7BC-BEB44B2A7929}.Debug|x86.Build.0 = Debug|Any CPU
		{F020186E-AB4B-4CA5-B7BC-BEB44B2A7929}.Release|Any CPU.ActiveCfg = Release|Any CPU
		{F020186E-AB4B-4CA5-B7BC-BEB44B2A7929}.Release|Any CPU.Build.0 = Release|Any CPU
		{F020186E-AB4B-4CA5-B7BC-BEB44B2A7929}.Release|x64.ActiveCfg = Release|Any CPU
		{F020186E-AB4B-4CA5-B7BC-BEB44B2A7929}.Release|x64.Build.0 = Release|Any CPU
		{F020186E-AB4B-4CA5-B7BC-BEB44B2A7929}.Release|x86.ActiveCfg = Release|Any CPU
		{F020186E-AB4B-4CA5-B7BC-BEB44B2A7929}.Release|x86.Build.0 = Release|Any CPU
		{3F12D42F-EFD2-4743-B79A-F8599D1E98F0}.Debug|Any CPU.ActiveCfg = Debug|Any CPU
		{3F12D42F-EFD2-4743-B79A-F8599D1E98F0}.Debug|Any CPU.Build.0 = Debug|Any CPU
		{3F12D42F-EFD2-4743-B79A-F8599D1E98F0}.Debug|x64.ActiveCfg = Debug|Any CPU
		{3F12D42F-EFD2-4743-B79A-F8599D1E98F0}.Debug|x64.Build.0 = Debug|Any CPU
		{3F12D42F-EFD2-4743-B79A-F8599D1E98F0}.Debug|x86.ActiveCfg = Debug|Any CPU
		{3F12D42F-EFD2-4743-B79A-F8599D1E98F0}.Debug|x86.Build.0 = Debug|Any CPU
		{3F12D42F-EFD2-4743-B79A-F8599D1E98F0}.Release|Any CPU.ActiveCfg = Release|Any CPU
		{3F12D42F-EFD2-4743-B79A-F8599D1E98F0}.Release|Any CPU.Build.0 = Release|Any CPU
		{3F12D42F-EFD2-4743-B79A-F8599D1E98F0}.Release|x64.ActiveCfg = Release|Any CPU
		{3F12D42F-EFD2-4743-B79A-F8599D1E98F0}.Release|x64.Build.0 = Release|Any CPU
		{3F12D42F-EFD2-4743-B79A-F8599D1E98F0}.Release|x86.ActiveCfg = Release|Any CPU
		{3F12D42F-EFD2-4743-B79A-F8599D1E98F0}.Release|x86.Build.0 = Release|Any CPU
		{143934B9-5D8F-4B3D-B0C3-8DD42A783E50}.Debug|Any CPU.ActiveCfg = Debug|Any CPU
		{143934B9-5D8F-4B3D-B0C3-8DD42A783E50}.Debug|Any CPU.Build.0 = Debug|Any CPU
		{143934B9-5D8F-4B3D-B0C3-8DD42A783E50}.Debug|x64.ActiveCfg = Debug|Any CPU
		{143934B9-5D8F-4B3D-B0C3-8DD42A783E50}.Debug|x64.Build.0 = Debug|Any CPU
		{143934B9-5D8F-4B3D-B0C3-8DD42A783E50}.Debug|x86.ActiveCfg = Debug|Any CPU
		{143934B9-5D8F-4B3D-B0C3-8DD42A783E50}.Debug|x86.Build.0 = Debug|Any CPU
		{143934B9-5D8F-4B3D-B0C3-8DD42A783E50}.Release|Any CPU.ActiveCfg = Release|Any CPU
		{143934B9-5D8F-4B3D-B0C3-8DD42A783E50}.Release|Any CPU.Build.0 = Release|Any CPU
		{143934B9-5D8F-4B3D-B0C3-8DD42A783E50}.Release|x64.ActiveCfg = Release|Any CPU
		{143934B9-5D8F-4B3D-B0C3-8DD42A783E50}.Release|x64.Build.0 = Release|Any CPU
		{143934B9-5D8F-4B3D-B0C3-8DD42A783E50}.Release|x86.ActiveCfg = Release|Any CPU
		{143934B9-5D8F-4B3D-B0C3-8DD42A783E50}.Release|x86.Build.0 = Release|Any CPU
		{85A9BF37-D694-4D9F-AB6C-4C9C12A2BB46}.Debug|Any CPU.ActiveCfg = Debug|Any CPU
		{85A9BF37-D694-4D9F-AB6C-4C9C12A2BB46}.Debug|Any CPU.Build.0 = Debug|Any CPU
		{85A9BF37-D694-4D9F-AB6C-4C9C12A2BB46}.Debug|x64.ActiveCfg = Debug|Any CPU
		{85A9BF37-D694-4D9F-AB6C-4C9C12A2BB46}.Debug|x64.Build.0 = Debug|Any CPU
		{85A9BF37-D694-4D9F-AB6C-4C9C12A2BB46}.Debug|x86.ActiveCfg = Debug|Any CPU
		{85A9BF37-D694-4D9F-AB6C-4C9C12A2BB46}.Debug|x86.Build.0 = Debug|Any CPU
		{85A9BF37-D694-4D9F-AB6C-4C9C12A2BB46}.Release|Any CPU.ActiveCfg = Release|Any CPU
		{85A9BF37-D694-4D9F-AB6C-4C9C12A2BB46}.Release|Any CPU.Build.0 = Release|Any CPU
		{85A9BF37-D694-4D9F-AB6C-4C9C12A2BB46}.Release|x64.ActiveCfg = Release|Any CPU
		{85A9BF37-D694-4D9F-AB6C-4C9C12A2BB46}.Release|x64.Build.0 = Release|Any CPU
		{85A9BF37-D694-4D9F-AB6C-4C9C12A2BB46}.Release|x86.ActiveCfg = Release|Any CPU
		{85A9BF37-D694-4D9F-AB6C-4C9C12A2BB46}.Release|x86.Build.0 = Release|Any CPU
		{5E2B30A6-BD56-4E3F-9626-2F717340A7CC}.Debug|Any CPU.ActiveCfg = Debug|Any CPU
		{5E2B30A6-BD56-4E3F-9626-2F717340A7CC}.Debug|Any CPU.Build.0 = Debug|Any CPU
		{5E2B30A6-BD56-4E3F-9626-2F717340A7CC}.Debug|x64.ActiveCfg = Debug|Any CPU
		{5E2B30A6-BD56-4E3F-9626-2F717340A7CC}.Debug|x64.Build.0 = Debug|Any CPU
		{5E2B30A6-BD56-4E3F-9626-2F717340A7CC}.Debug|x86.ActiveCfg = Debug|Any CPU
		{5E2B30A6-BD56-4E3F-9626-2F717340A7CC}.Debug|x86.Build.0 = Debug|Any CPU
		{5E2B30A6-BD56-4E3F-9626-2F717340A7CC}.Release|Any CPU.ActiveCfg = Release|Any CPU
		{5E2B30A6-BD56-4E3F-9626-2F717340A7CC}.Release|Any CPU.Build.0 = Release|Any CPU
		{5E2B30A6-BD56-4E3F-9626-2F717340A7CC}.Release|x64.ActiveCfg = Release|Any CPU
		{5E2B30A6-BD56-4E3F-9626-2F717340A7CC}.Release|x64.Build.0 = Release|Any CPU
		{5E2B30A6-BD56-4E3F-9626-2F717340A7CC}.Release|x86.ActiveCfg = Release|Any CPU
		{5E2B30A6-BD56-4E3F-9626-2F717340A7CC}.Release|x86.Build.0 = Release|Any CPU
		{02E421ED-F25B-4A0A-9B4A-763C9A729137}.Debug|Any CPU.ActiveCfg = Debug|Any CPU
		{02E421ED-F25B-4A0A-9B4A-763C9A729137}.Debug|Any CPU.Build.0 = Debug|Any CPU
		{02E421ED-F25B-4A0A-9B4A-763C9A729137}.Debug|x64.ActiveCfg = Debug|Any CPU
		{02E421ED-F25B-4A0A-9B4A-763C9A729137}.Debug|x64.Build.0 = Debug|Any CPU
		{02E421ED-F25B-4A0A-9B4A-763C9A729137}.Debug|x86.ActiveCfg = Debug|Any CPU
		{02E421ED-F25B-4A0A-9B4A-763C9A729137}.Debug|x86.Build.0 = Debug|Any CPU
		{02E421ED-F25B-4A0A-9B4A-763C9A729137}.Release|Any CPU.ActiveCfg = Release|Any CPU
		{02E421ED-F25B-4A0A-9B4A-763C9A729137}.Release|Any CPU.Build.0 = Release|Any CPU
		{02E421ED-F25B-4A0A-9B4A-763C9A729137}.Release|x64.ActiveCfg = Release|Any CPU
		{02E421ED-F25B-4A0A-9B4A-763C9A729137}.Release|x64.Build.0 = Release|Any CPU
		{02E421ED-F25B-4A0A-9B4A-763C9A729137}.Release|x86.ActiveCfg = Release|Any CPU
		{02E421ED-F25B-4A0A-9B4A-763C9A729137}.Release|x86.Build.0 = Release|Any CPU
	EndGlobalSection
	GlobalSection(SolutionProperties) = preSolution
		HideSolutionNode = FALSE
	EndGlobalSection
	GlobalSection(NestedProjects) = preSolution
		{3897EA87-56FF-459D-A321-9821C6269617} = {0BE1CFCE-30ED-49E1-A277-F1D33A438F5C}
		{34CEEB57-6237-4154-AE0A-6EC82C4F2B8F} = {0BE1CFCE-30ED-49E1-A277-F1D33A438F5C}
		{6BE6CA85-CBE2-4817-AE3F-D7F24A329B2D} = {0BE1CFCE-30ED-49E1-A277-F1D33A438F5C}
		{EA910781-2B6E-4E55-9E12-6CC0AF2F517F} = {5C729F91-002B-4E20-A039-F83E68D6D42B}
		{2575EDA0-B3BA-473A-8CEB-455404BCDF06} = {5C729F91-002B-4E20-A039-F83E68D6D42B}
		{153375CB-27FC-4A3D-97D2-5DED37821ABB} = {5C729F91-002B-4E20-A039-F83E68D6D42B}
		{F020186E-AB4B-4CA5-B7BC-BEB44B2A7929} = {42AC17B4-DA31-4739-A079-3891DC04BB1A}
		{3F12D42F-EFD2-4743-B79A-F8599D1E98F0} = {42AC17B4-DA31-4739-A079-3891DC04BB1A}
		{143934B9-5D8F-4B3D-B0C3-8DD42A783E50} = {42AC17B4-DA31-4739-A079-3891DC04BB1A}
		{85A9BF37-D694-4D9F-AB6C-4C9C12A2BB46} = {952CB701-11BA-4D8D-B09E-727359B075BA}
		{5E2B30A6-BD56-4E3F-9626-2F717340A7CC} = {952CB701-11BA-4D8D-B09E-727359B075BA}
		{02E421ED-F25B-4A0A-9B4A-763C9A729137} = {952CB701-11BA-4D8D-B09E-727359B075BA}
	EndGlobalSection
	GlobalSection(ExtensibilityGlobals) = postSolution
		SolutionGuid = {7688D517-A7B7-4453-9232-CDE2470C273D}
	EndGlobalSection
EndGlobal
